// !$*UTF8*$!
{
	archiveVersion = 1;
	classes = {
	};
	objectVersion = 46;
	objects = {

/* Begin PBXBuildFile section */
		AB13405516DE174B001F31F6 /* main.cpp in Sources */ = {isa = PBXBuildFile; fileRef = AB13405416DE174B001F31F6 /* main.cpp */; };
		AB13405716DE174B001F31F6 /* longest_subsequence.1 in CopyFiles */ = {isa = PBXBuildFile; fileRef = AB13405616DE174B001F31F6 /* longest_subsequence.1 */; };
/* End PBXBuildFile section */

/* Begin PBXCopyFilesBuildPhase section */
		AB13404E16DE174B001F31F6 /* CopyFiles */ = {
			isa = PBXCopyFilesBuildPhase;
			buildActionMask = 2147483647;
			dstPath = /usr/share/man/man1/;
			dstSubfolderSpec = 0;
			files = (
				AB13405716DE174B001F31F6 /* longest_subsequence.1 in CopyFiles */,
			);
			runOnlyForDeploymentPostprocessing = 1;
		};
/* End PBXCopyFilesBuildPhase section */

/* Begin PBXFileReference section */
		AB13405016DE174B001F31F6 /* longest subsequence */ = {isa = PBXFileReference; explicitFileType = "compiled.mach-o.executable"; includeInIndex = 0; path = "longest subsequence"; sourceTree = BUILT_PRODUCTS_DIR; };
		AB13405416DE174B001F31F6 /* main.cpp */ = {isa = PBXFileReference; lastKnownFileType = sourcecode.cpp.cpp; path = main.cpp; sourceTree = "<group>"; };
		AB13405616DE174B001F31F6 /* longest_subsequence.1 */ = {isa = PBXFileReference; lastKnownFileType = text.man; path = longest_subsequence.1; sourceTree = "<group>"; };
/* End PBXFileReference section */

/* Begin PBXFrameworksBuildPhase section */
		AB13404D16DE174B001F31F6 /* Frameworks */ = {
			isa = PBXFrameworksBuildPhase;
			buildActionMask = 2147483647;
			files = (
			);
			runOnlyForDeploymentPostprocessing = 0;
		};
/* End PBXFrameworksBuildPhase section */

/* Begin PBXGroup section */
		AB13404516DE174A001F31F6 = {
			isa = PBXGroup;
			children = (
				AB13405316DE174B001F31F6 /* longest subsequence */,
				AB13405116DE174B001F31F6 /* Products */,
			);
			sourceTree = "<group>";
		};
		AB13405116DE174B001F31F6 /* Products */ = {
			isa = PBXGroup;
			children = (
				AB13405016DE174B001F31F6 /* longest subsequence */,
			);
			name = Products;
			sourceTree = "<group>";
		};
		AB13405316DE174B001F31F6 /* longest subsequence */ = {
			isa = PBXGroup;
			children = (
				AB13405416DE174B001F31F6 /* main.cpp */,
				AB13405616DE174B001F31F6 /* longest_subsequence.1 */,
			);
			path = "longest subsequence";
			sourceTree = "<group>";
		};
/* End PBXGroup section */

/* Begin PBXNativeTarget section */
		AB13404F16DE174B001F31F6 /* longest subsequence */ = {
			isa = PBXNativeTarget;
			buildConfigurationList = AB13405A16DE174B001F31F6 /* Build configuration list for PBXNativeTarget "longest subsequence" */;
			buildPhases = (
				AB13404C16DE174B001F31F6 /* Sources */,
				AB13404D16DE174B001F31F6 /* Frameworks */,
				AB13404E16DE174B001F31F6 /* CopyFiles */,
			);
			buildRules = (
			);
			dependencies = (
			);
			name = "longest subsequence";
			productName = "longest subsequence";
			productReference = AB13405016DE174B001F31F6 /* longest subsequence */;
			productType = "com.apple.product-type.tool";
		};
/* End PBXNativeTarget section */

/* Begin PBXProject section */
		AB13404716DE174A001F31F6 /* Project object */ = {
			isa = PBXProject;
			attributes = {
				LastUpgradeCheck = 0420;
			};
			buildConfigurationList = AB13404A16DE174A001F31F6 /* Build configuration list for PBXProject "longest subsequence" */;
			compatibilityVersion = "Xcode 3.2";
			developmentRegion = English;
			hasScannedForEncodings = 0;
			knownRegions = (
				en,
			);
			mainGroup = AB13404516DE174A001F31F6;
			productRefGroup = AB13405116DE174B001F31F6 /* Products */;
			projectDirPath = "";
			projectRoot = "";
			targets = (
				AB13404F16DE174B001F31F6 /* longest subsequence */,
			);
		};
/* End PBXProject section */

/* Begin PBXSourcesBuildPhase section */
		AB13404C16DE174B001F31F6 /* Sources */ = {
			isa = PBXSourcesBuildPhase;
			buildActionMask = 2147483647;
			files = (
				AB13405516DE174B001F31F6 /* main.cpp in Sources */,
			);
			runOnlyForDeploymentPostprocessing = 0;
		};
/* End PBXSourcesBuildPhase section */

/* Begin XCBuildConfiguration section */
		AB13405816DE174B001F31F6 /* Debug */ = {
			isa = XCBuildConfiguration;
			buildSettings = {
				ALWAYS_SEARCH_USER_PATHS = NO;
				ARCHS = "$(ARCHS_STANDARD_64_BIT)";
				CLANG_ENABLE_OBJC_ARC = YES;
				COPY_PHASE_STRIP = NO;
				GCC_C_LANGUAGE_STANDARD = gnu99;
				GCC_DYNAMIC_NO_PIC = NO;
				GCC_ENABLE_OBJC_EXCEPTIONS = YES;
				GCC_OPTIMIZATION_LEVEL = 0;
				GCC_PREPROCESSOR_DEFINITIONS = (
					"DEBUG=1",
					"$(inherited)",
				);
				GCC_SYMBOLS_PRIVATE_EXTERN = NO;
				GCC_VERSION = com.apple.compilers.llvm.clang.1_0;
				GCC_WARN_64_TO_32_BIT_CONVERSION = YES;
				GCC_WARN_ABOUT_MISSING_PROTOTYPES = YES;
				GCC_WARN_ABOUT_RETURN_TYPE = YES;
				GCC_WARN_UNUSED_VARIABLE = YES;
				MACOSX_DEPLOYMENT_TARGET = 10.7;
				ONLY_ACTIVE_ARCH = YES;
				SDKROOT = macosx;
			};
			name = Debug;
		};
		AB13405916DE174B001F31F6 /* Release */ = {
			isa = XCBuildConfiguration;
			buildSettings = {
				ALWAYS_SEARCH_USER_PATHS = NO;
				ARCHS = "$(ARCHS_STANDARD_64_BIT)";
				CLANG_ENABLE_OBJC_ARC = YES;
				COPY_PHASE_STRIP = YES;
				DEBUG_INFORMATION_FORMAT = "dwarf-with-dsym";
				GCC_C_LANGUAGE_STANDARD = gnu99;
				GCC_ENABLE_OBJC_EXCEPTIONS = YES;
				GCC_VERSION = com.apple.compilers.llvm.clang.1_0;
				GCC_WARN_64_TO_32_BIT_CONVERSION = YES;
				GCC_WARN_ABOUT_MISSING_PROTOTYPES = YES;
				GCC_WARN_ABOUT_RETURN_TYPE = YES;
				GCC_WARN_UNUSED_VARIABLE = YES;
				MACOSX_DEPLOYMENT_TARGET = 10.7;
				SDKROOT = macosx;
			};
			name = Release;
		};
		AB13405B16DE174B001F31F6 /* Debug */ = {
			isa = XCBuildConfiguration;
			buildSettings = {
				PRODUCT_NAME = "$(TARGET_NAME)";
			};
			name = Debug;
		};
		AB13405C16DE174B001F31F6 /* Release */ = {
			isa = XCBuildConfiguration;
			buildSettings = {
				PRODUCT_NAME = "$(TARGET_NAME)";
			};
			name = Release;
		};
/* End XCBuildConfiguration section */

/* Begin XCConfigurationList section */
		AB13404A16DE174A001F31F6 /* Build configuration list for PBXProject "longest subsequence" */ = {
			isa = XCConfigurationList;
			buildConfigurations = (
				AB13405816DE174B001F31F6 /* Debug */,
				AB13405916DE174B001F31F6 /* Release */,
			);
			defaultConfigurationIsVisible = 0;
			defaultConfigurationName = Release;
		};
		AB13405A16DE174B001F31F6 /* Build configuration list for PBXNativeTarget "longest subsequence" */ = {
			isa = XCConfigurationList;
			buildConfigurations = (
				AB13405B16DE174B001F31F6 /* Debug */,
				AB13405C16DE174B001F31F6 /* Release */,
			);
			defaultConfigurationIsVisible = 0;
		};
/* End XCConfigurationList section */
	};
	rootObject = AB13404716DE174A001F31F6 /* Project object */;
}
